
Microsoft Visual Studio Solution File, Format Version 12.00
# Visual Studio Version 17
VisualStudioVersion = 17.1.32210.238
MinimumVisualStudioVersion = 10.0.40219.1
Project("{FAE04EC0-301F-11D3-BF4B-00C04F79EFBC}") = "GaussSolve", "GaussSolve\GaussSolve.csproj", "{3F1B4828-1400-4154-A1CA-4A4335F1FFD3}"
EndProject
Global
	GlobalSection(SolutionConfigurationPlatforms) = preSolution
		Debug|Any CPU = Debug|Any CPU
		Release|Any CPU = Release|Any CPU
	EndGlobalSection
	GlobalSection(ProjectConfigurationPlatforms) = postSolution
		{3F1B4828-1400-4154-A1CA-4A4335F1FFD3}.Debug|Any CPU.ActiveCfg = Debug|Any CPU
		{3F1B4828-1400-4154-A1CA-4A4335F1FFD3}.Debug|Any CPU.Build.0 = Debug|Any CPU
		{3F1B4828-1400-4154-A1CA-4A4335F1FFD3}.Release|Any CPU.ActiveCfg = Release|Any CPU
		{3F1B4828-1400-4154-A1CA-4A4335F1FFD3}.Release|Any CPU.Build.0 = Release|Any CPU
	EndGlobalSection
	GlobalSection(SolutionProperties) = preSolution
		HideSolutionNode = FALSE
	EndGlobalSection
	GlobalSection(ExtensibilityGlobals) = postSolution
		SolutionGuid = {E57B5F96-4D5A-4481-8835-79D50B6ADD6D}
	EndGlobalSection
EndGlobal
